{
  "name": "foldseek-server-lib",
  "version": "0.1.1",
  "lockfileVersion": 3,
  "requires": true,
  "packages": {
    "": {
      "name": "foldseek-server-lib",
      "version": "0.1.1",
      "license": "GPL-3.0-or-later",
      "dependencies": {
        "msa-webgpu": "^0.0.10"
      },
      "engines": {
        "node": ">=18"
      }
    },
    "node_modules/msa-webgpu": {
      "version": "0.0.10",
      "resolved": "https://registry.npmjs.org/msa-webgpu/-/msa-webgpu-0.0.10.tgz",
      "integrity": "sha512-vi05MQKpnMnssGS9L6KArkyxyNVv5ZSCgixWlRjzbomK7G2DpMOPYsutKXhEvDEzydpR/uZY/pm54dkoAKwdMQ=="
    }
  }
}
